
Microsoft Visual Studio Solution File, Format Version 12.00
# Visual Studio Version 17
VisualStudioVersion = 17.14.36202.13 d17.14
MinimumVisualStudioVersion = 10.0.40219.1
Project("{FAE04EC0-301F-11D3-BF4B-00C04F79EFBC}") = "prog2_Chall3_Interfaces_ChrisFrench0259182", "prog2_Chall3_Interfaces_ChrisFrench0259182\prog2_Chall3_Interfaces_ChrisFrench0259182.csproj", "{0B14BBFE-E140-439F-8B10-95D36DA78BD4}"
EndProject
Global
	GlobalSection(SolutionConfigurationPlatforms) = preSolution
		Debug|Any CPU = Debug|Any CPU
		Release|Any CPU = Release|Any CPU
	EndGlobalSection
	GlobalSection(ProjectConfigurationPlatforms) = postSolution
		{0B14BBFE-E140-439F-8B10-95D36DA78BD4}.Debug|Any CPU.ActiveCfg = Debug|Any CPU
		{0B14BBFE-E140-439F-8B10-95D36DA78BD4}.Debug|Any CPU.Build.0 = Debug|Any CPU
		{0B14BBFE-E140-439F-8B10-95D36DA78BD4}.Release|Any CPU.ActiveCfg = Release|Any CPU
		{0B14BBFE-E140-439F-8B10-95D36DA78BD4}.Release|Any CPU.Build.0 = Release|Any CPU
	EndGlobalSection
	GlobalSection(SolutionProperties) = preSolution
		HideSolutionNode = FALSE
	EndGlobalSection
	GlobalSection(ExtensibilityGlobals) = postSolution
		SolutionGuid = {3BFF6654-83AE-4722-9FA0-F94366AAF441}
	EndGlobalSection
EndGlobal
